
Microsoft Visual Studio Solution File, Format Version 12.00
# Visual Studio Express 2013 for Windows Desktop
VisualStudioVersion = 12.0.30324.0
MinimumVisualStudioVersion = 10.0.40219.1
Project("{FAE04EC0-301F-11D3-BF4B-00C04F79EFBC}") = "Server", "Server\Server.csproj", "{16315A54-F9D1-40F3-BA85-74587D8E3B8B}"
EndProject
Project("{FAE04EC0-301F-11D3-BF4B-00C04F79EFBC}") = "Client", "Client\Client.csproj", "{E05E062A-73DC-4A5E-AFB4-A79EEBD586A1}"
EndProject
Project("{FAE04EC0-301F-11D3-BF4B-00C04F79EFBC}") = "JsonModel", "JsonModel\JsonModel.csproj", "{57AB3873-1728-4807-BFFD-3EBE3D0D067C}"
EndProject
Project("{FAE04EC0-301F-11D3-BF4B-00C04F79EFBC}") = "Editor", "Editor\Editor.csproj", "{54E02B98-ACCC-4C09-B8D3-52B2B5EB4DCC}"
EndProject
Global
	GlobalSection(SolutionConfigurationPlatforms) = preSolution
		Debug|Any CPU = Debug|Any CPU
		Release|Any CPU = Release|Any CPU
	EndGlobalSection
	GlobalSection(ProjectConfigurationPlatforms) = postSolution
		{16315A54-F9D1-40F3-BA85-74587D8E3B8B}.Debug|Any CPU.ActiveCfg = Debug|Any CPU
		{16315A54-F9D1-40F3-BA85-74587D8E3B8B}.Debug|Any CPU.Build.0 = Debug|Any CPU
		{16315A54-F9D1-40F3-BA85-74587D8E3B8B}.Release|Any CPU.ActiveCfg = Release|Any CPU
		{16315A54-F9D1-40F3-BA85-74587D8E3B8B}.Release|Any CPU.Build.0 = Release|Any CPU
		{E05E062A-73DC-4A5E-AFB4-A79EEBD586A1}.Debug|Any CPU.ActiveCfg = Debug|Any CPU
		{E05E062A-73DC-4A5E-AFB4-A79EEBD586A1}.Debug|Any CPU.Build.0 = Debug|Any CPU
		{E05E062A-73DC-4A5E-AFB4-A79EEBD586A1}.Release|Any CPU.ActiveCfg = Release|Any CPU
		{E05E062A-73DC-4A5E-AFB4-A79EEBD586A1}.Release|Any CPU.Build.0 = Release|Any CPU
		{57AB3873-1728-4807-BFFD-3EBE3D0D067C}.Debug|Any CPU.ActiveCfg = Debug|Any CPU
		{57AB3873-1728-4807-BFFD-3EBE3D0D067C}.Debug|Any CPU.Build.0 = Debug|Any CPU
		{57AB3873-1728-4807-BFFD-3EBE3D0D067C}.Release|Any CPU.ActiveCfg = Release|Any CPU
		{57AB3873-1728-4807-BFFD-3EBE3D0D067C}.Release|Any CPU.Build.0 = Release|Any CPU
		{54E02B98-ACCC-4C09-B8D3-52B2B5EB4DCC}.Debug|Any CPU.ActiveCfg = Debug|Any CPU
		{54E02B98-ACCC-4C09-B8D3-52B2B5EB4DCC}.Debug|Any CPU.Build.0 = Debug|Any CPU
		{54E02B98-ACCC-4C09-B8D3-52B2B5EB4DCC}.Release|Any CPU.ActiveCfg = Release|Any CPU
		{54E02B98-ACCC-4C09-B8D3-52B2B5EB4DCC}.Release|Any CPU.Build.0 = Release|Any CPU
	EndGlobalSection
	GlobalSection(SolutionProperties) = preSolution
		HideSolutionNode = FALSE
	EndGlobalSection
EndGlobal
